
Microsoft Visual Studio Solution File, Format Version 12.00
# Visual Studio Version 17
VisualStudioVersion = 17.0.31903.59
MinimumVisualStudioVersion = 10.0.40219.1
Project("{2150E333-8FDC-42A3-9474-1A3956D46DE8}") = "src", "src", "{692314DB-942E-43F0-B748-5BCF83B09EEE}"
EndProject
Project("{9A19103F-16F7-4668-BE54-9A1E7A4F7556}") = "Domain", "src\Domain\Domain.csproj", "{2A240693-A95A-493E-BA00-1F4CEABE96FB}"
EndProject
Project("{9A19103F-16F7-4668-BE54-9A1E7A4F7556}") = "Infrastructure", "src\Infraestructure\Infrastructure.csproj", "{9500F8B6-A6BD-44E0-AF95-32227C46F68F}"
EndProject
Project("{9A19103F-16F7-4668-BE54-9A1E7A4F7556}") = "Services", "src\Services\Services.csproj", "{6CF76C52-8208-47C4-AB65-8ABD78767F63}"
EndProject
Project("{9A19103F-16F7-4668-BE54-9A1E7A4F7556}") = "WebApp", "src\WebApp\WebApp.csproj", "{9D821710-D9FC-4071-BBB4-06AF208803EF}"
EndProject
Project("{9A19103F-16F7-4668-BE54-9A1E7A4F7556}") = "Application", "src\Application\Application.csproj", "{E94E9209-32AB-44CF-8A1F-A58F107E4659}"
EndProject
Project("{2150E333-8FDC-42A3-9474-1A3956D46DE8}") = "0 - Presentation", "0 - Presentation", "{756D6FBC-5426-4793-B395-A85154B0DB3D}"
EndProject
Project("{2150E333-8FDC-42A3-9474-1A3956D46DE8}") = "1 - Application", "1 - Application", "{6BCB4A90-52D6-470C-A8F5-2184E6EC356E}"
EndProject
Project("{2150E333-8FDC-42A3-9474-1A3956D46DE8}") = "2 - Domain", "2 - Domain", "{7F366F78-B6B8-4D79-8379-2C1409FF3959}"
EndProject
Project("{2150E333-8FDC-42A3-9474-1A3956D46DE8}") = "3 - Infrastructure", "3 - Infrastructure", "{249E9301-AAB3-4A18-926A-ECFAB1AF8F39}"
EndProject
Global
	GlobalSection(SolutionConfigurationPlatforms) = preSolution
		Debug|Any CPU = Debug|Any CPU
		Release|Any CPU = Release|Any CPU
	EndGlobalSection
	GlobalSection(ProjectConfigurationPlatforms) = postSolution
		{2A240693-A95A-493E-BA00-1F4CEABE96FB}.Debug|Any CPU.ActiveCfg = Debug|Any CPU
		{2A240693-A95A-493E-BA00-1F4CEABE96FB}.Debug|Any CPU.Build.0 = Debug|Any CPU
		{2A240693-A95A-493E-BA00-1F4CEABE96FB}.Release|Any CPU.ActiveCfg = Release|Any CPU
		{2A240693-A95A-493E-BA00-1F4CEABE96FB}.Release|Any CPU.Build.0 = Release|Any CPU
		{9500F8B6-A6BD-44E0-AF95-32227C46F68F}.Debug|Any CPU.ActiveCfg = Debug|Any CPU
		{9500F8B6-A6BD-44E0-AF95-32227C46F68F}.Debug|Any CPU.Build.0 = Debug|Any CPU
		{9500F8B6-A6BD-44E0-AF95-32227C46F68F}.Release|Any CPU.ActiveCfg = Release|Any CPU
		{9500F8B6-A6BD-44E0-AF95-32227C46F68F}.Release|Any CPU.Build.0 = Release|Any CPU
		{6CF76C52-8208-47C4-AB65-8ABD78767F63}.Debug|Any CPU.ActiveCfg = Debug|Any CPU
		{6CF76C52-8208-47C4-AB65-8ABD78767F63}.Debug|Any CPU.Build.0 = Debug|Any CPU
		{6CF76C52-8208-47C4-AB65-8ABD78767F63}.Release|Any CPU.ActiveCfg = Release|Any CPU
		{6CF76C52-8208-47C4-AB65-8ABD78767F63}.Release|Any CPU.Build.0 = Release|Any CPU
		{9D821710-D9FC-4071-BBB4-06AF208803EF}.Debug|Any CPU.ActiveCfg = Debug|Any CPU
		{9D821710-D9FC-4071-BBB4-06AF208803EF}.Debug|Any CPU.Build.0 = Debug|Any CPU
		{9D821710-D9FC-4071-BBB4-06AF208803EF}.Release|Any CPU.ActiveCfg = Release|Any CPU
		{9D821710-D9FC-4071-BBB4-06AF208803EF}.Release|Any CPU.Build.0 = Release|Any CPU
		{E94E9209-32AB-44CF-8A1F-A58F107E4659}.Debug|Any CPU.ActiveCfg = Debug|Any CPU
		{E94E9209-32AB-44CF-8A1F-A58F107E4659}.Debug|Any CPU.Build.0 = Debug|Any CPU
		{E94E9209-32AB-44CF-8A1F-A58F107E4659}.Release|Any CPU.ActiveCfg = Release|Any CPU
		{E94E9209-32AB-44CF-8A1F-A58F107E4659}.Release|Any CPU.Build.0 = Release|Any CPU
	EndGlobalSection
	GlobalSection(SolutionProperties) = preSolution
		HideSolutionNode = FALSE
	EndGlobalSection
	GlobalSection(NestedProjects) = preSolution
		{2A240693-A95A-493E-BA00-1F4CEABE96FB} = {7F366F78-B6B8-4D79-8379-2C1409FF3959}
		{9500F8B6-A6BD-44E0-AF95-32227C46F68F} = {249E9301-AAB3-4A18-926A-ECFAB1AF8F39}
		{6CF76C52-8208-47C4-AB65-8ABD78767F63} = {6BCB4A90-52D6-470C-A8F5-2184E6EC356E}
		{9D821710-D9FC-4071-BBB4-06AF208803EF} = {756D6FBC-5426-4793-B395-A85154B0DB3D}
		{E94E9209-32AB-44CF-8A1F-A58F107E4659} = {6BCB4A90-52D6-470C-A8F5-2184E6EC356E}
		{756D6FBC-5426-4793-B395-A85154B0DB3D} = {692314DB-942E-43F0-B748-5BCF83B09EEE}
		{6BCB4A90-52D6-470C-A8F5-2184E6EC356E} = {692314DB-942E-43F0-B748-5BCF83B09EEE}
		{7F366F78-B6B8-4D79-8379-2C1409FF3959} = {692314DB-942E-43F0-B748-5BCF83B09EEE}
		{249E9301-AAB3-4A18-926A-ECFAB1AF8F39} = {692314DB-942E-43F0-B748-5BCF83B09EEE}
	EndGlobalSection
EndGlobal
